github.com/anchore/go-struct-converter v0.0.0-20221118182256-c68fdcfa2092 h1:aM1rlcoLz8y5B2r4tTLMiVTrMtpfY0O8EScKJxaSaEc=
github.com/anchore/go-struct-converter v0.0.0-20221118182256-c68fdcfa2092/go.mod h1:rYqSE9HbjzpHTI74vwPvae4ZVYZd1lue2ta6xHPdblA=
github.com/davecgh/go-spew v1.1.0/go.mod h1:J7Y8YcW2NihsgmVo/mv3lAwl/skON4iLHjSsI+c5H38=
github.com/davecgh/go-spew v1.1.1/go.mod h1:J7Y8YcW2NihsgmVo/mv3lAwl/skON4iLHjSsI+c5H38=
github.com/fatih/color v1.13.0 h1:8LOYc1KYPPmyKMuN8QV2DNRWNbLo6LZ0iLs8+mlH53w=
github.com/fatih/color v1.13.0/go.mod h1:kLAiJbzzSOZDVNGyDpeOxJ47H46qBXwg5ILebYFFOfk=
github.com/google/go-cmp v0.5.9/go.mod h1:17dUlkBOakJ0+DkrSSNjCkIjxS6bF9zb3elmeNGIjoY=
github.com/mattn/go-colorable v0.1.9 h1:sqDoxXbdeALODt0DAeJCVp38ps9ZogZEAXjus69YV3U=
github.com/mattn/go-colorable v0.1.9/go.mod h1:u6P/XSegPjTcexA+o6vUJrdnUu04hMope9wVRipJSqc=
github.com/mattn/go-isatty v0.0.12/go.mod h1:cbi8OIDigv2wuxKPP5vlRcQ1OAZbq2CE4Kysco4FUpU=
github.com/mattn/go-isatty v0.0.14 h1:yVuAays6BHfxijgZPzw+3Zlu5yQgKGP2/hcQbHb7S9Y=
github.com/mattn/go-isatty v0.0.14/go.mod h1:7GGIvUiUoEMVVmxf/4nioHXj79iQHKdU27kJ6hsGG94=
github.com/mitchellh/hashstructure/v2 v2.0.2 h1:vGKWl0YJqUNxE8d+h8f6NJLcCJrgbhC4NcD46KavDd4=
github.com/mitchellh/hashstructure/v2 v2.0.2/go.mod h1:MG3aRVU/N29oo/V/IhBX8GR/zz4kQkprJgF2EVszyDE=
github.com/package-url/packageurl-go v0.1.1 h1:KTRE0bK3sKbFKAk3yy63DpeskU7Cvs/x/Da5l+RtzyU=
github.com/package-url/packageurl-go v0.1.1/go.mod h1:uQd4a7Rh3ZsVg5j0lNyAfyxIeGde9yrlhjF78GzeW0c=
github.com/pmezard/go-difflib v1.0.0/go.mod h1:iKH77koFhYxTK1pcRnkKkqfTogsbg7gZNVY4sRDYZ/4=
github.com/spdx/gordf v0.0.0-20201111095634-7098f93598fb/go.mod h1:uKWaldnbMnjsSAXRurWqqrdyZen1R7kxl8TkmWk2OyM=
github.com/spdx/tools-golang v0.5.0 h1:/fqihV2Jna7fmow65dHpgKNsilgLK7ICpd2tkCnPEyY=
github.com/spdx/tools-golang v0.5.0/go.mod h1:kkGlrSXXfHwuSzHQZJRV3aKu9ZXCq/MSf2+xyiJH1lM=
github.com/stretchr/objx v0.1.0/go.mod h1:HFkY916IF+rwdDfMAkV7OtwuqBVzrE8GR6GFx+wExME=
github.com/stretchr/objx v0.4.0/go.mod h1:YvHI0jy2hoMjB+UWwv71VJQ9isScKT/TqJzVSSt89Yw=
github.com/stretchr/objx v0.5.0/go.mod h1:Yh+to48EsGEfYuaHDzXPcE3xhTkx73EhmCGUpEOglKo=
github.com/stretchr/testify v1.7.1/go.mod h1:6Fq8oRcR53rry900zMqJjRRixrwX3KX962/h/Wwjteg=
github.com/stretchr/testify v1.8.0/go.mod h1:yNjHg4UonilssWZ8iaSj1OCr/vHnekPRkoO+kdMU+MU=
github.com/stretchr/testify v1.8.2/go.mod h1:w2LPCIKwWwSfY2zedu0+kehJoqGctiVI29o6fzry7u4=
golang.org/x/sys v0.0.0-20200116001909-b77594299b42/go.mod h1:h1NjWce9XRLGQEsW7wpKNCjG9DtNlClVuFLEZdDNbEs=
golang.org/x/sys v0.0.0-20200223170610-d5e6a3e2c0ae/go.mod h1:h1NjWce9XRLGQEsW7wpKNCjG9DtNlClVuFLEZdDNbEs=
golang.org/x/sys v0.0.0-20210630005230-0f9fa26af87c h1:F1jZWGFhYfh0Ci55sIpILtKKK8p3i2/krTr0H1rg74I=
golang.org/x/sys v0.0.0-20210630005230-0f9fa26af87c/go.mod h1:oPkhp1MJrh7nUepCBck5+mAzfO9JrbApNNgaTdGDITg=
gopkg.in/check.v1 v0.0.0-20161208181325-20d25e280405/go.mod h1:Co6ibVJAznAaIkqp8huTwlJQCZ016jof/cbN4VW5Yz0=
gopkg.in/yaml.v2 v2.4.0/go.mod h1:RDklbk79AGWmwhnvt/jBztapEOGDOx6ZbXqjP6csGnQ=
gopkg.in/yaml.v3 v3.0.0-20200313102051-9f266ea9e77c/go.mod h1:K4uyk7z7BCEPqu6E+C64Yfv1cQ7kz7rIZviUmN+EgEM=
gopkg.in/yaml.v3 v3.0.1/go.mod h1:K4uyk7z7BCEPqu6E+C64Yfv1cQ7kz7rIZviUmN+EgEM=
sigs.k8s.io/yaml v1.3.0/go.mod h1:GeOyir5tyXNByN85N/dRIT9es5UQNerPYEKK56eTBm8=
